
Microsoft Visual Studio Solution File, Format Version 12.00
# Visual Studio Version 17
VisualStudioVersion = 17.9.34902.65
MinimumVisualStudioVersion = 10.0.40219.1
Project("{9A19103F-16F7-4668-BE54-9A1E7A4F7556}") = "DeferDotNet", "DeferDotNet\DeferDotNet.csproj", "{457A0163-2701-489D-8450-E073A1700C13}"
EndProject
Project("{2150E333-8FDC-42A3-9474-1A3956D46DE8}") = "Solution Items", "Solution Items", "{BBE2DF9E-F6F5-4254-B5DE-FA20C12E1633}"
	ProjectSection(SolutionItems) = preProject
		.editorconfig = .editorconfig
		.gitignore = .gitignore
		README.md = README.md
	EndProjectSection
EndProject
Project("{FAE04EC0-301F-11D3-BF4B-00C04F79EFBC}") = "DeferDotNet.Async", "DeferDotNet.Async\DeferDotNet.Async.csproj", "{E56D0AE8-8F43-4B01-BBD9-82F1D7357B11}"
EndProject
Project("{FAE04EC0-301F-11D3-BF4B-00C04F79EFBC}") = "DeferDotNet.Tests", "DeferDotNet.Tests\DeferDotNet.Tests.csproj", "{C9D22D95-54C3-4457-8E09-F756F0424FD0}"
EndProject
Global
	GlobalSection(SolutionConfigurationPlatforms) = preSolution
		Debug|Any CPU = Debug|Any CPU
		Release|Any CPU = Release|Any CPU
	EndGlobalSection
	GlobalSection(ProjectConfigurationPlatforms) = postSolution
		{457A0163-2701-489D-8450-E073A1700C13}.Debug|Any CPU.ActiveCfg = Debug|Any CPU
		{457A0163-2701-489D-8450-E073A1700C13}.Debug|Any CPU.Build.0 = Debug|Any CPU
		{457A0163-2701-489D-8450-E073A1700C13}.Release|Any CPU.ActiveCfg = Release|Any CPU
		{457A0163-2701-489D-8450-E073A1700C13}.Release|Any CPU.Build.0 = Release|Any CPU
		{E56D0AE8-8F43-4B01-BBD9-82F1D7357B11}.Debug|Any CPU.ActiveCfg = Debug|Any CPU
		{E56D0AE8-8F43-4B01-BBD9-82F1D7357B11}.Debug|Any CPU.Build.0 = Debug|Any CPU
		{E56D0AE8-8F43-4B01-BBD9-82F1D7357B11}.Release|Any CPU.ActiveCfg = Release|Any CPU
		{E56D0AE8-8F43-4B01-BBD9-82F1D7357B11}.Release|Any CPU.Build.0 = Release|Any CPU
		{C9D22D95-54C3-4457-8E09-F756F0424FD0}.Debug|Any CPU.ActiveCfg = Debug|Any CPU
		{C9D22D95-54C3-4457-8E09-F756F0424FD0}.Debug|Any CPU.Build.0 = Debug|Any CPU
		{C9D22D95-54C3-4457-8E09-F756F0424FD0}.Release|Any CPU.ActiveCfg = Release|Any CPU
		{C9D22D95-54C3-4457-8E09-F756F0424FD0}.Release|Any CPU.Build.0 = Release|Any CPU
	EndGlobalSection
	GlobalSection(SolutionProperties) = preSolution
		HideSolutionNode = FALSE
	EndGlobalSection
	GlobalSection(ExtensibilityGlobals) = postSolution
		SolutionGuid = {82C7A7CE-BBA6-4635-9474-9636F0CF1C0F}
	EndGlobalSection
EndGlobal
